
Microsoft Visual Studio Solution File, Format Version 12.00
# Visual Studio Version 17
VisualStudioVersion = 17.5.002.0
MinimumVisualStudioVersion = 10.0.40219.1
Project("{9A19103F-16F7-4668-BE54-9A1E7A4F7556}") = "Exercise4", "Exercise4.csproj", "{B019F45C-B6E4-4122-BCC6-E3AD9B943BCF}"
EndProject
Global
	GlobalSection(SolutionConfigurationPlatforms) = preSolution
		Debug|Any CPU = Debug|Any CPU
		Release|Any CPU = Release|Any CPU
	EndGlobalSection
	GlobalSection(ProjectConfigurationPlatforms) = postSolution
		{B019F45C-B6E4-4122-BCC6-E3AD9B943BCF}.Debug|Any CPU.ActiveCfg = Debug|Any CPU
		{B019F45C-B6E4-4122-BCC6-E3AD9B943BCF}.Debug|Any CPU.Build.0 = Debug|Any CPU
		{B019F45C-B6E4-4122-BCC6-E3AD9B943BCF}.Release|Any CPU.ActiveCfg = Release|Any CPU
		{B019F45C-B6E4-4122-BCC6-E3AD9B943BCF}.Release|Any CPU.Build.0 = Release|Any CPU
	EndGlobalSection
	GlobalSection(SolutionProperties) = preSolution
		HideSolutionNode = FALSE
	EndGlobalSection
	GlobalSection(ExtensibilityGlobals) = postSolution
		SolutionGuid = {380C5FC7-2744-4CA6-8121-2CC9604E2C11}
	EndGlobalSection
EndGlobal
