
Microsoft Visual Studio Solution File, Format Version 12.00
# Visual Studio Version 17
VisualStudioVersion = 17.5.002.0
MinimumVisualStudioVersion = 10.0.40219.1
Project("{9A19103F-16F7-4668-BE54-9A1E7A4F7556}") = "Assignment2", "Assignment2.csproj", "{CBF90B3B-E78D-457D-82A0-399A438A1DC3}"
EndProject
Global
	GlobalSection(SolutionConfigurationPlatforms) = preSolution
		Debug|Any CPU = Debug|Any CPU
		Release|Any CPU = Release|Any CPU
	EndGlobalSection
	GlobalSection(ProjectConfigurationPlatforms) = postSolution
		{CBF90B3B-E78D-457D-82A0-399A438A1DC3}.Debug|Any CPU.ActiveCfg = Debug|Any CPU
		{CBF90B3B-E78D-457D-82A0-399A438A1DC3}.Debug|Any CPU.Build.0 = Debug|Any CPU
		{CBF90B3B-E78D-457D-82A0-399A438A1DC3}.Release|Any CPU.ActiveCfg = Release|Any CPU
		{CBF90B3B-E78D-457D-82A0-399A438A1DC3}.Release|Any CPU.Build.0 = Release|Any CPU
	EndGlobalSection
	GlobalSection(SolutionProperties) = preSolution
		HideSolutionNode = FALSE
	EndGlobalSection
	GlobalSection(ExtensibilityGlobals) = postSolution
		SolutionGuid = {609F4210-BE94-4583-B881-01120F508FDB}
	EndGlobalSection
EndGlobal
